
Microsoft Visual Studio Solution File, Format Version 12.00
# Visual Studio Version 16
VisualStudioVersion = 16.0.29911.84
MinimumVisualStudioVersion = 10.0.40219.1
Project("{FAE04EC0-301F-11D3-BF4B-00C04F79EFBC}") = "FastFail", "FastFail.csproj", "{A77C31E9-ABCB-4ED8-8D20-F438FD105CF3}"
EndProject
Global
	GlobalSection(SolutionConfigurationPlatforms) = preSolution
		Debug|Any CPU = Debug|Any CPU
		Release|Any CPU = Release|Any CPU
	EndGlobalSection
	GlobalSection(ProjectConfigurationPlatforms) = postSolution
		{A77C31E9-ABCB-4ED8-8D20-F438FD105CF3}.Debug|Any CPU.ActiveCfg = Debug|Any CPU
		{A77C31E9-ABCB-4ED8-8D20-F438FD105CF3}.Debug|Any CPU.Build.0 = Debug|Any CPU
		{A77C31E9-ABCB-4ED8-8D20-F438FD105CF3}.Release|Any CPU.ActiveCfg = Release|Any CPU
		{A77C31E9-ABCB-4ED8-8D20-F438FD105CF3}.Release|Any CPU.Build.0 = Release|Any CPU
	EndGlobalSection
	GlobalSection(SolutionProperties) = preSolution
		HideSolutionNode = FALSE
	EndGlobalSection
	GlobalSection(ExtensibilityGlobals) = postSolution
		SolutionGuid = {54B22361-0C53-4C53-9307-161040F5EBF8}
	EndGlobalSection
EndGlobal
